# This file is autogenerated, do not edit; changes may be undone by the next 'dep ensure'.


[[projects]]
  name = "gopkg.in/ini.v1"
  packages = ["."]
  revision = "06f5f3d67269ccec1fe5fe4134ba6e982984f7f5"
  version = "v1.37.0"

[solve-meta]
  analyzer-name = "dep"
  analyzer-version = 1
  inputs-digest = "81b368a60c7d4e4bba008091bafbe0e972412dc24fc2fe56dedfe927d9104035"
  solver-name = "gps-cdcl"
  solver-version = 1
